
Microsoft Visual Studio Solution File, Format Version 12.00
# Visual Studio Version 17
VisualStudioVersion = 17.1.32421.90
MinimumVisualStudioVersion = 10.0.40219.1
Project("{9A19103F-16F7-4668-BE54-9A1E7A4F7556}") = "Steam3.RazorPages", "Steam3.RazorPages\Steam3.RazorPages.csproj", "{9AF4E58C-11E7-4294-8C7E-724299D93596}"
EndProject
Project("{9A19103F-16F7-4668-BE54-9A1E7A4F7556}") = "Steam3.Models", "Steam3.Models\Steam3.Models.csproj", "{6D86E746-18A5-40C6-8A89-C701D44476C8}"
EndProject
Project("{9A19103F-16F7-4668-BE54-9A1E7A4F7556}") = "Steam3.Services", "Steam3.Services\Steam3.Services.csproj", "{D1C39B61-54F1-46D9-8EDE-392F2BCCC246}"
EndProject
Global
	GlobalSection(SolutionConfigurationPlatforms) = preSolution
		Debug|Any CPU = Debug|Any CPU
		Release|Any CPU = Release|Any CPU
	EndGlobalSection
	GlobalSection(ProjectConfigurationPlatforms) = postSolution
		{9AF4E58C-11E7-4294-8C7E-724299D93596}.Debug|Any CPU.ActiveCfg = Debug|Any CPU
		{9AF4E58C-11E7-4294-8C7E-724299D93596}.Debug|Any CPU.Build.0 = Debug|Any CPU
		{9AF4E58C-11E7-4294-8C7E-724299D93596}.Release|Any CPU.ActiveCfg = Release|Any CPU
		{9AF4E58C-11E7-4294-8C7E-724299D93596}.Release|Any CPU.Build.0 = Release|Any CPU
		{6D86E746-18A5-40C6-8A89-C701D44476C8}.Debug|Any CPU.ActiveCfg = Debug|Any CPU
		{6D86E746-18A5-40C6-8A89-C701D44476C8}.Debug|Any CPU.Build.0 = Debug|Any CPU
		{6D86E746-18A5-40C6-8A89-C701D44476C8}.Release|Any CPU.ActiveCfg = Release|Any CPU
		{6D86E746-18A5-40C6-8A89-C701D44476C8}.Release|Any CPU.Build.0 = Release|Any CPU
		{D1C39B61-54F1-46D9-8EDE-392F2BCCC246}.Debug|Any CPU.ActiveCfg = Debug|Any CPU
		{D1C39B61-54F1-46D9-8EDE-392F2BCCC246}.Debug|Any CPU.Build.0 = Debug|Any CPU
		{D1C39B61-54F1-46D9-8EDE-392F2BCCC246}.Release|Any CPU.ActiveCfg = Release|Any CPU
		{D1C39B61-54F1-46D9-8EDE-392F2BCCC246}.Release|Any CPU.Build.0 = Release|Any CPU
	EndGlobalSection
	GlobalSection(SolutionProperties) = preSolution
		HideSolutionNode = FALSE
	EndGlobalSection
	GlobalSection(ExtensibilityGlobals) = postSolution
		SolutionGuid = {7C60169C-548E-47EE-9889-7C7EDA1CB0FB}
	EndGlobalSection
EndGlobal
